
Microsoft Visual Studio Solution File, Format Version 12.00
# Visual Studio Version 17
VisualStudioVersion = 17.4.33122.133
MinimumVisualStudioVersion = 10.0.40219.1
Project("{9A19103F-16F7-4668-BE54-9A1E7A4F7556}") = "AdventOfCode", "AdventOfCode\AdventOfCode.csproj", "{22319BBD-6F71-4F04-A85E-550CE0F6EBFE}"
EndProject
Project("{FAE04EC0-301F-11D3-BF4B-00C04F79EFBC}") = "AdventOfCode.Tests", "AdventOfCode.Tests\AdventOfCode.Tests.csproj", "{1A50E246-E2F0-40AF-A36B-3E598FC276A0}"
EndProject
Global
	GlobalSection(SolutionConfigurationPlatforms) = preSolution
		Debug|Any CPU = Debug|Any CPU
		Release|Any CPU = Release|Any CPU
	EndGlobalSection
	GlobalSection(ProjectConfigurationPlatforms) = postSolution
		{22319BBD-6F71-4F04-A85E-550CE0F6EBFE}.Debug|Any CPU.ActiveCfg = Debug|Any CPU
		{22319BBD-6F71-4F04-A85E-550CE0F6EBFE}.Debug|Any CPU.Build.0 = Debug|Any CPU
		{22319BBD-6F71-4F04-A85E-550CE0F6EBFE}.Release|Any CPU.ActiveCfg = Release|Any CPU
		{22319BBD-6F71-4F04-A85E-550CE0F6EBFE}.Release|Any CPU.Build.0 = Release|Any CPU
		{1A50E246-E2F0-40AF-A36B-3E598FC276A0}.Debug|Any CPU.ActiveCfg = Debug|Any CPU
		{1A50E246-E2F0-40AF-A36B-3E598FC276A0}.Debug|Any CPU.Build.0 = Debug|Any CPU
		{1A50E246-E2F0-40AF-A36B-3E598FC276A0}.Release|Any CPU.ActiveCfg = Release|Any CPU
		{1A50E246-E2F0-40AF-A36B-3E598FC276A0}.Release|Any CPU.Build.0 = Release|Any CPU
	EndGlobalSection
	GlobalSection(SolutionProperties) = preSolution
		HideSolutionNode = FALSE
	EndGlobalSection
	GlobalSection(ExtensibilityGlobals) = postSolution
		SolutionGuid = {4007C5CE-7BE4-44AE-B440-C98A8BE86D8D}
	EndGlobalSection
EndGlobal
